
Microsoft Visual Studio Solution File, Format Version 12.00
# Visual Studio Version 17
VisualStudioVersion = 17.4.33213.308
MinimumVisualStudioVersion = 10.0.40219.1
Project("{FAE04EC0-301F-11D3-BF4B-00C04F79EFBC}") = "SSHShim", "SSHShim\SSHShim.csproj", "{81DAA98B-168B-4F1C-878F-86A7A53C896F}"
EndProject
Global
	GlobalSection(SolutionConfigurationPlatforms) = preSolution
		Debug|x64 = Debug|x64
		Release|x64 = Release|x64
	EndGlobalSection
	GlobalSection(ProjectConfigurationPlatforms) = postSolution
		{81DAA98B-168B-4F1C-878F-86A7A53C896F}.Debug|x64.ActiveCfg = Debug|x64
		{81DAA98B-168B-4F1C-878F-86A7A53C896F}.Debug|x64.Build.0 = Debug|x64
		{81DAA98B-168B-4F1C-878F-86A7A53C896F}.Release|x64.ActiveCfg = Release|x64
		{81DAA98B-168B-4F1C-878F-86A7A53C896F}.Release|x64.Build.0 = Release|x64
	EndGlobalSection
	GlobalSection(SolutionProperties) = preSolution
		HideSolutionNode = FALSE
	EndGlobalSection
	GlobalSection(ExtensibilityGlobals) = postSolution
		SolutionGuid = {27D5FFF6-C232-46FB-AF9C-7B7CA89AD73C}
	EndGlobalSection
EndGlobal
